
Microsoft Visual Studio Solution File, Format Version 12.00
# Visual Studio Version 16
VisualStudioVersion = 16.0.29411.108
MinimumVisualStudioVersion = 10.0.40219.1
Project("{FAE04EC0-301F-11D3-BF4B-00C04F79EFBC}") = "PeopleAdder", "PeopleAdder\PeopleAdder.csproj", "{8D45C17A-64C7-43EE-BB23-B0E64BE36C08}"
EndProject
Project("{FAE04EC0-301F-11D3-BF4B-00C04F79EFBC}") = "PeopleAdder.Data", "PeopleAdder.Data\PeopleAdder.Data.csproj", "{6485FB18-FAEB-4FF8-88A7-D0A2C6322E02}"
EndProject
Global
	GlobalSection(SolutionConfigurationPlatforms) = preSolution
		Debug|Any CPU = Debug|Any CPU
		Release|Any CPU = Release|Any CPU
	EndGlobalSection
	GlobalSection(ProjectConfigurationPlatforms) = postSolution
		{8D45C17A-64C7-43EE-BB23-B0E64BE36C08}.Debug|Any CPU.ActiveCfg = Debug|Any CPU
		{8D45C17A-64C7-43EE-BB23-B0E64BE36C08}.Debug|Any CPU.Build.0 = Debug|Any CPU
		{8D45C17A-64C7-43EE-BB23-B0E64BE36C08}.Release|Any CPU.ActiveCfg = Release|Any CPU
		{8D45C17A-64C7-43EE-BB23-B0E64BE36C08}.Release|Any CPU.Build.0 = Release|Any CPU
		{6485FB18-FAEB-4FF8-88A7-D0A2C6322E02}.Debug|Any CPU.ActiveCfg = Debug|Any CPU
		{6485FB18-FAEB-4FF8-88A7-D0A2C6322E02}.Debug|Any CPU.Build.0 = Debug|Any CPU
		{6485FB18-FAEB-4FF8-88A7-D0A2C6322E02}.Release|Any CPU.ActiveCfg = Release|Any CPU
		{6485FB18-FAEB-4FF8-88A7-D0A2C6322E02}.Release|Any CPU.Build.0 = Release|Any CPU
	EndGlobalSection
	GlobalSection(SolutionProperties) = preSolution
		HideSolutionNode = FALSE
	EndGlobalSection
	GlobalSection(ExtensibilityGlobals) = postSolution
		SolutionGuid = {15C32DF2-326C-43B7-B8AA-13CC07E92AFA}
	EndGlobalSection
EndGlobal
